
Microsoft Visual Studio Solution File, Format Version 12.00
# Visual Studio 15
VisualStudioVersion = 15.0.27703.2018
MinimumVisualStudioVersion = 10.0.40219.1
Project("{FAE04EC0-301F-11D3-BF4B-00C04F79EFBC}") = "challenge1", "challenge1\challenge1.csproj", "{083DBD01-CF5D-418B-A469-9A9CD37A5E5D}"
EndProject
Global
	GlobalSection(SolutionConfigurationPlatforms) = preSolution
		Debug|Any CPU = Debug|Any CPU
		Release|Any CPU = Release|Any CPU
	EndGlobalSection
	GlobalSection(ProjectConfigurationPlatforms) = postSolution
		{083DBD01-CF5D-418B-A469-9A9CD37A5E5D}.Debug|Any CPU.ActiveCfg = Debug|Any CPU
		{083DBD01-CF5D-418B-A469-9A9CD37A5E5D}.Debug|Any CPU.Build.0 = Debug|Any CPU
		{083DBD01-CF5D-418B-A469-9A9CD37A5E5D}.Release|Any CPU.ActiveCfg = Release|Any CPU
		{083DBD01-CF5D-418B-A469-9A9CD37A5E5D}.Release|Any CPU.Build.0 = Release|Any CPU
	EndGlobalSection
	GlobalSection(SolutionProperties) = preSolution
		HideSolutionNode = FALSE
	EndGlobalSection
	GlobalSection(ExtensibilityGlobals) = postSolution
		SolutionGuid = {B33BC026-D2FA-4ADA-8C5E-67F5BD27F075}
	EndGlobalSection
EndGlobal
